
Microsoft Visual Studio Solution File, Format Version 12.00
# Visual Studio Version 16
VisualStudioVersion = 16.0.30804.86
MinimumVisualStudioVersion = 10.0.40219.1
Project("{FAE04EC0-301F-11D3-BF4B-00C04F79EFBC}") = "cloudApi", "cloudApi\cloudApi.csproj", "{FA9FE69A-2F03-4649-A3BC-46212A5403C2}"
EndProject
Global
	GlobalSection(SolutionConfigurationPlatforms) = preSolution
		Debug|Any CPU = Debug|Any CPU
		Release|Any CPU = Release|Any CPU
	EndGlobalSection
	GlobalSection(ProjectConfigurationPlatforms) = postSolution
		{FA9FE69A-2F03-4649-A3BC-46212A5403C2}.Debug|Any CPU.ActiveCfg = Debug|Any CPU
		{FA9FE69A-2F03-4649-A3BC-46212A5403C2}.Debug|Any CPU.Build.0 = Debug|Any CPU
		{FA9FE69A-2F03-4649-A3BC-46212A5403C2}.Release|Any CPU.ActiveCfg = Release|Any CPU
		{FA9FE69A-2F03-4649-A3BC-46212A5403C2}.Release|Any CPU.Build.0 = Release|Any CPU
	EndGlobalSection
	GlobalSection(SolutionProperties) = preSolution
		HideSolutionNode = FALSE
	EndGlobalSection
	GlobalSection(ExtensibilityGlobals) = postSolution
		SolutionGuid = {73F92217-9574-4C6F-84DA-799B53391815}
	EndGlobalSection
EndGlobal
