
Microsoft Visual Studio Solution File, Format Version 12.00
# Visual Studio Version 16
VisualStudioVersion = 16.0.30804.86
MinimumVisualStudioVersion = 10.0.40219.1
Project("{E24C65DC-7377-472B-9ABA-BC803B73C61A}") = "front-end", ".", "{404AB9C6-2090-4429-9D33-6E563CCF8AFE}"
	ProjectSection(WebsiteProperties) = preProject
		TargetFrameworkMoniker = ".NETFramework,Version%3Dv4.0"
		Debug.AspNetCompiler.VirtualPath = "/localhost_56802"
		Debug.AspNetCompiler.PhysicalPath = "..\front-end\"
		Debug.AspNetCompiler.TargetPath = "PrecompiledWeb\localhost_56802\"
		Debug.AspNetCompiler.Updateable = "true"
		Debug.AspNetCompiler.ForceOverwrite = "true"
		Debug.AspNetCompiler.FixedNames = "false"
		Debug.AspNetCompiler.Debug = "True"
		Release.AspNetCompiler.VirtualPath = "/localhost_56802"
		Release.AspNetCompiler.PhysicalPath = "..\front-end\"
		Release.AspNetCompiler.TargetPath = "PrecompiledWeb\localhost_56802\"
		Release.AspNetCompiler.Updateable = "true"
		Release.AspNetCompiler.ForceOverwrite = "true"
		Release.AspNetCompiler.FixedNames = "false"
		Release.AspNetCompiler.Debug = "False"
		VWDPort = "56802"
	EndProjectSection
EndProject
Global
	GlobalSection(SolutionConfigurationPlatforms) = preSolution
		Debug|Any CPU = Debug|Any CPU
	EndGlobalSection
	GlobalSection(ProjectConfigurationPlatforms) = postSolution
		{404AB9C6-2090-4429-9D33-6E563CCF8AFE}.Debug|Any CPU.ActiveCfg = Debug|Any CPU
		{404AB9C6-2090-4429-9D33-6E563CCF8AFE}.Debug|Any CPU.Build.0 = Debug|Any CPU
	EndGlobalSection
	GlobalSection(SolutionProperties) = preSolution
		HideSolutionNode = FALSE
	EndGlobalSection
	GlobalSection(ExtensibilityGlobals) = postSolution
		SolutionGuid = {D55B3C68-7532-4787-A2A6-574A55B0B843}
	EndGlobalSection
EndGlobal
